
Microsoft Visual Studio Solution File, Format Version 12.00
# Visual Studio Version 16
VisualStudioVersion = 16.0.29728.190
MinimumVisualStudioVersion = 10.0.40219.1
Project("{FAE04EC0-301F-11D3-BF4B-00C04F79EFBC}") = "Integers", "Integers.csproj", "{187C69DB-B488-434D-9BBC-B41303A2E49B}"
EndProject
Global
	GlobalSection(SolutionConfigurationPlatforms) = preSolution
		Debug|Any CPU = Debug|Any CPU
		Release|Any CPU = Release|Any CPU
	EndGlobalSection
	GlobalSection(ProjectConfigurationPlatforms) = postSolution
		{187C69DB-B488-434D-9BBC-B41303A2E49B}.Debug|Any CPU.ActiveCfg = Debug|Any CPU
		{187C69DB-B488-434D-9BBC-B41303A2E49B}.Debug|Any CPU.Build.0 = Debug|Any CPU
		{187C69DB-B488-434D-9BBC-B41303A2E49B}.Release|Any CPU.ActiveCfg = Release|Any CPU
		{187C69DB-B488-434D-9BBC-B41303A2E49B}.Release|Any CPU.Build.0 = Release|Any CPU
	EndGlobalSection
	GlobalSection(SolutionProperties) = preSolution
		HideSolutionNode = FALSE
	EndGlobalSection
	GlobalSection(ExtensibilityGlobals) = postSolution
		SolutionGuid = {001BFD80-07E7-4D93-9A13-D1C296560D5A}
	EndGlobalSection
EndGlobal
