
Microsoft Visual Studio Solution File, Format Version 12.00
# Visual Studio Version 16
VisualStudioVersion = 16.0.29728.190
MinimumVisualStudioVersion = 10.0.40219.1
Project("{FAE04EC0-301F-11D3-BF4B-00C04F79EFBC}") = "Types", "Types\Types.csproj", "{1EEE82BA-E732-449C-AFC4-C0295460BD6E}"
EndProject
Project("{2150E333-8FDC-42A3-9474-1A3956D46DE8}") = "Solution Items", "Solution Items", "{A2787696-62A9-4EFA-86BE-B6AD20AF1FBA}"
	ProjectSection(SolutionItems) = preProject
		.editorconfig = .editorconfig
	EndProjectSection
EndProject
Global
	GlobalSection(SolutionConfigurationPlatforms) = preSolution
		Debug|Any CPU = Debug|Any CPU
		Release|Any CPU = Release|Any CPU
	EndGlobalSection
	GlobalSection(ProjectConfigurationPlatforms) = postSolution
		{1EEE82BA-E732-449C-AFC4-C0295460BD6E}.Debug|Any CPU.ActiveCfg = Debug|Any CPU
		{1EEE82BA-E732-449C-AFC4-C0295460BD6E}.Debug|Any CPU.Build.0 = Debug|Any CPU
		{1EEE82BA-E732-449C-AFC4-C0295460BD6E}.Release|Any CPU.ActiveCfg = Release|Any CPU
		{1EEE82BA-E732-449C-AFC4-C0295460BD6E}.Release|Any CPU.Build.0 = Release|Any CPU
	EndGlobalSection
	GlobalSection(SolutionProperties) = preSolution
		HideSolutionNode = FALSE
	EndGlobalSection
	GlobalSection(ExtensibilityGlobals) = postSolution
		SolutionGuid = {1CAED609-6DD7-4814-9BDE-A20332F94440}
	EndGlobalSection
EndGlobal
