
Microsoft Visual Studio Solution File, Format Version 12.00
# Visual Studio Version 16
VisualStudioVersion = 16.0.30204.135
MinimumVisualStudioVersion = 10.0.40219.1
Project("{FAE04EC0-301F-11D3-BF4B-00C04F79EFBC}") = "ConsoleApp1", "ConsoleApp1\ConsoleApp1.csproj", "{A6DF2ABB-0554-46C1-80DC-104C3E5B7FF3}"
EndProject
Global
	GlobalSection(SolutionConfigurationPlatforms) = preSolution
		Debug|Any CPU = Debug|Any CPU
		Release|Any CPU = Release|Any CPU
	EndGlobalSection
	GlobalSection(ProjectConfigurationPlatforms) = postSolution
		{A6DF2ABB-0554-46C1-80DC-104C3E5B7FF3}.Debug|Any CPU.ActiveCfg = Debug|Any CPU
		{A6DF2ABB-0554-46C1-80DC-104C3E5B7FF3}.Debug|Any CPU.Build.0 = Debug|Any CPU
		{A6DF2ABB-0554-46C1-80DC-104C3E5B7FF3}.Release|Any CPU.ActiveCfg = Release|Any CPU
		{A6DF2ABB-0554-46C1-80DC-104C3E5B7FF3}.Release|Any CPU.Build.0 = Release|Any CPU
	EndGlobalSection
	GlobalSection(SolutionProperties) = preSolution
		HideSolutionNode = FALSE
	EndGlobalSection
	GlobalSection(ExtensibilityGlobals) = postSolution
		SolutionGuid = {2AE669CC-A639-46D7-BBE4-FBC750AE9FAE}
	EndGlobalSection
EndGlobal
