
Microsoft Visual Studio Solution File, Format Version 12.00
# Visual Studio Version 16
VisualStudioVersion = 16.0.29728.190
MinimumVisualStudioVersion = 10.0.40219.1
Project("{FAE04EC0-301F-11D3-BF4B-00C04F79EFBC}") = "BirthDayCalculator", "BirthDayCalculator\BirthDayCalculator.csproj", "{65F38537-031A-42E5-8F24-BDEF2CBE5EEF}"
EndProject
Global
	GlobalSection(SolutionConfigurationPlatforms) = preSolution
		Debug|Any CPU = Debug|Any CPU
		Release|Any CPU = Release|Any CPU
	EndGlobalSection
	GlobalSection(ProjectConfigurationPlatforms) = postSolution
		{65F38537-031A-42E5-8F24-BDEF2CBE5EEF}.Debug|Any CPU.ActiveCfg = Debug|Any CPU
		{65F38537-031A-42E5-8F24-BDEF2CBE5EEF}.Debug|Any CPU.Build.0 = Debug|Any CPU
		{65F38537-031A-42E5-8F24-BDEF2CBE5EEF}.Release|Any CPU.ActiveCfg = Release|Any CPU
		{65F38537-031A-42E5-8F24-BDEF2CBE5EEF}.Release|Any CPU.Build.0 = Release|Any CPU
	EndGlobalSection
	GlobalSection(SolutionProperties) = preSolution
		HideSolutionNode = FALSE
	EndGlobalSection
	GlobalSection(ExtensibilityGlobals) = postSolution
		SolutionGuid = {5D7B0AEE-C108-4717-9A23-5BC8FDA0269E}
	EndGlobalSection
EndGlobal
